// !$*UTF8*$!
{
	archiveVersion = 1;
	classes = {
	};
	objectVersion = 46;
	objects = {

/* Begin PBXBuildFile section */
		147E81A21DED0E74001EB7C6 /* DetourPlace.m in Sources */ = {isa = PBXBuildFile; fileRef = 147E819D1DED0E74001EB7C6 /* DetourPlace.m */; };
		147E81A31DED0E74001EB7C6 /* DownloadManager.m in Sources */ = {isa = PBXBuildFile; fileRef = 147E819F1DED0E74001EB7C6 /* DownloadManager.m */; };
		147E81A41DED0E74001EB7C6 /* PlaceSearchManager.m in Sources */ = {isa = PBXBuildFile; fileRef = 147E81A11DED0E74001EB7C6 /* PlaceSearchManager.m */; };
		1F8DAC471DEA798400632A0D /* CoreLocation.framework in Frameworks */ = {isa = PBXBuildFile; fileRef = 1F8DAC461DEA798400632A0D /* CoreLocation.framework */; };
		1FD9F1541DEA481D00F0C162 /* main.m in Sources */ = {isa = PBXBuildFile; fileRef = 1FD9F1531DEA481D00F0C162 /* main.m */; };
		1FD9F1571DEA481D00F0C162 /* AppDelegate.m in Sources */ = {isa = PBXBuildFile; fileRef = 1FD9F1561DEA481D00F0C162 /* AppDelegate.m */; };
		1FD9F15A1DEA481D00F0C162 /* MapViewController.m in Sources */ = {isa = PBXBuildFile; fileRef = 1FD9F1591DEA481D00F0C162 /* MapViewController.m */; };
		1FD9F15D1DEA481D00F0C162 /* PlacesViewController.m in Sources */ = {isa = PBXBuildFile; fileRef = 1FD9F15C1DEA481D00F0C162 /* PlacesViewController.m */; };
		1FD9F1601DEA481D00F0C162 /* Main.storyboard in Resources */ = {isa = PBXBuildFile; fileRef = 1FD9F15E1DEA481D00F0C162 /* Main.storyboard */; };
		1FD9F1621DEA481D00F0C162 /* Assets.xcassets in Resources */ = {isa = PBXBuildFile; fileRef = 1FD9F1611DEA481D00F0C162 /* Assets.xcassets */; };
		1FD9F1651DEA481D00F0C162 /* LaunchScreen.storyboard in Resources */ = {isa = PBXBuildFile; fileRef = 1FD9F1631DEA481D00F0C162 /* LaunchScreen.storyboard */; };
		1FD9F16E1DEA4F0E00F0C162 /* SearchViewController.m in Sources */ = {isa = PBXBuildFile; fileRef = 1FD9F16D1DEA4F0E00F0C162 /* SearchViewController.m */; };
		1FD9F1711DEA4F3600F0C162 /* MyTripViewController.m in Sources */ = {isa = PBXBuildFile; fileRef = 1FD9F1701DEA4F3600F0C162 /* MyTripViewController.m */; };
		1FD9F1741DEA4F7700F0C162 /* DetailViewController.m in Sources */ = {isa = PBXBuildFile; fileRef = 1FD9F1731DEA4F7700F0C162 /* DetailViewController.m */; };
		B7A6A5AC00896B969A45A6A6 /* Pods_Midterm.framework in Frameworks */ = {isa = PBXBuildFile; fileRef = C41284B9DF295984F181FF43 /* Pods_Midterm.framework */; };
/* End PBXBuildFile section */

/* Begin PBXFileReference section */
		147E819C1DED0E74001EB7C6 /* DetourPlace.h */ = {isa = PBXFileReference; fileEncoding = 4; lastKnownFileType = sourcecode.c.h; path = DetourPlace.h; sourceTree = "<group>"; };
		147E819D1DED0E74001EB7C6 /* DetourPlace.m */ = {isa = PBXFileReference; fileEncoding = 4; lastKnownFileType = sourcecode.c.objc; path = DetourPlace.m; sourceTree = "<group>"; };
		147E819E1DED0E74001EB7C6 /* DownloadManager.h */ = {isa = PBXFileReference; fileEncoding = 4; lastKnownFileType = sourcecode.c.h; path = DownloadManager.h; sourceTree = "<group>"; };
		147E819F1DED0E74001EB7C6 /* DownloadManager.m */ = {isa = PBXFileReference; fileEncoding = 4; lastKnownFileType = sourcecode.c.objc; path = DownloadManager.m; sourceTree = "<group>"; };
		147E81A01DED0E74001EB7C6 /* PlaceSearchManager.h */ = {isa = PBXFileReference; fileEncoding = 4; lastKnownFileType = sourcecode.c.h; path = PlaceSearchManager.h; sourceTree = "<group>"; };
		147E81A11DED0E74001EB7C6 /* PlaceSearchManager.m */ = {isa = PBXFileReference; fileEncoding = 4; lastKnownFileType = sourcecode.c.objc; path = PlaceSearchManager.m; sourceTree = "<group>"; };
		1B4FBB5A9B8F79710ABD2E4E /* Pods-Midterm.release.xcconfig */ = {isa = PBXFileReference; includeInIndex = 1; lastKnownFileType = text.xcconfig; name = "Pods-Midterm.release.xcconfig"; path = "Pods/Target Support Files/Pods-Midterm/Pods-Midterm.release.xcconfig"; sourceTree = "<group>"; };
		1F8DAC461DEA798400632A0D /* CoreLocation.framework */ = {isa = PBXFileReference; lastKnownFileType = wrapper.framework; name = CoreLocation.framework; path = System/Library/Frameworks/CoreLocation.framework; sourceTree = SDKROOT; };
		1FD9F14F1DEA481D00F0C162 /* Midterm.app */ = {isa = PBXFileReference; explicitFileType = wrapper.application; includeInIndex = 0; path = Midterm.app; sourceTree = BUILT_PRODUCTS_DIR; };
		1FD9F1531DEA481D00F0C162 /* main.m */ = {isa = PBXFileReference; lastKnownFileType = sourcecode.c.objc; path = main.m; sourceTree = "<group>"; };
		1FD9F1551DEA481D00F0C162 /* AppDelegate.h */ = {isa = PBXFileReference; lastKnownFileType = sourcecode.c.h; path = AppDelegate.h; sourceTree = "<group>"; };
		1FD9F1561DEA481D00F0C162 /* AppDelegate.m */ = {isa = PBXFileReference; lastKnownFileType = sourcecode.c.objc; path = AppDelegate.m; sourceTree = "<group>"; };
		1FD9F1581DEA481D00F0C162 /* MapViewController.h */ = {isa = PBXFileReference; lastKnownFileType = sourcecode.c.h; path = MapViewController.h; sourceTree = "<group>"; };
		1FD9F1591DEA481D00F0C162 /* MapViewController.m */ = {isa = PBXFileReference; lastKnownFileType = sourcecode.c.objc; path = MapViewController.m; sourceTree = "<group>"; };
		1FD9F15B1DEA481D00F0C162 /* PlacesViewController.h */ = {isa = PBXFileReference; lastKnownFileType = sourcecode.c.h; path = PlacesViewController.h; sourceTree = "<group>"; };
		1FD9F15C1DEA481D00F0C162 /* PlacesViewController.m */ = {isa = PBXFileReference; lastKnownFileType = sourcecode.c.objc; path = PlacesViewController.m; sourceTree = "<group>"; };
		1FD9F15F1DEA481D00F0C162 /* Base */ = {isa = PBXFileReference; lastKnownFileType = file.storyboard; name = Base; path = Base.lproj/Main.storyboard; sourceTree = "<group>"; };
		1FD9F1611DEA481D00F0C162 /* Assets.xcassets */ = {isa = PBXFileReference; lastKnownFileType = folder.assetcatalog; path = Assets.xcassets; sourceTree = "<group>"; };
		1FD9F1641DEA481D00F0C162 /* Base */ = {isa = PBXFileReference; lastKnownFileType = file.storyboard; name = Base; path = Base.lproj/LaunchScreen.storyboard; sourceTree = "<group>"; };
		1FD9F1661DEA481D00F0C162 /* Info.plist */ = {isa = PBXFileReference; lastKnownFileType = text.plist.xml; path = Info.plist; sourceTree = "<group>"; };
		1FD9F16C1DEA4F0E00F0C162 /* SearchViewController.h */ = {isa = PBXFileReference; fileEncoding = 4; lastKnownFileType = sourcecode.c.h; path = SearchViewController.h; sourceTree = "<group>"; };
		1FD9F16D1DEA4F0E00F0C162 /* SearchViewController.m */ = {isa = PBXFileReference; fileEncoding = 4; lastKnownFileType = sourcecode.c.objc; path = SearchViewController.m; sourceTree = "<group>"; };
		1FD9F16F1DEA4F3600F0C162 /* MyTripViewController.h */ = {isa = PBXFileReference; fileEncoding = 4; lastKnownFileType = sourcecode.c.h; path = MyTripViewController.h; sourceTree = "<group>"; };
		1FD9F1701DEA4F3600F0C162 /* MyTripViewController.m */ = {isa = PBXFileReference; fileEncoding = 4; lastKnownFileType = sourcecode.c.objc; path = MyTripViewController.m; sourceTree = "<group>"; };
		1FD9F1721DEA4F7700F0C162 /* DetailViewController.h */ = {isa = PBXFileReference; fileEncoding = 4; lastKnownFileType = sourcecode.c.h; path = DetailViewController.h; sourceTree = "<group>"; };
		1FD9F1731DEA4F7700F0C162 /* DetailViewController.m */ = {isa = PBXFileReference; fileEncoding = 4; lastKnownFileType = sourcecode.c.objc; path = DetailViewController.m; sourceTree = "<group>"; };
		C41284B9DF295984F181FF43 /* Pods_Midterm.framework */ = {isa = PBXFileReference; explicitFileType = wrapper.framework; includeInIndex = 0; path = Pods_Midterm.framework; sourceTree = BUILT_PRODUCTS_DIR; };
		C49F5C28E15EAF2547661DFE /* Pods-Midterm.debug.xcconfig */ = {isa = PBXFileReference; includeInIndex = 1; lastKnownFileType = text.xcconfig; name = "Pods-Midterm.debug.xcconfig"; path = "Pods/Target Support Files/Pods-Midterm/Pods-Midterm.debug.xcconfig"; sourceTree = "<group>"; };
/* End PBXFileReference section */

/* Begin PBXFrameworksBuildPhase section */
		1FD9F14C1DEA481D00F0C162 /* Frameworks */ = {
			isa = PBXFrameworksBuildPhase;
			buildActionMask = 2147483647;
			files = (
				1F8DAC471DEA798400632A0D /* CoreLocation.framework in Frameworks */,
				B7A6A5AC00896B969A45A6A6 /* Pods_Midterm.framework in Frameworks */,
			);
			runOnlyForDeploymentPostprocessing = 0;
		};
/* End PBXFrameworksBuildPhase section */

/* Begin PBXGroup section */
		147E81991DED0D71001EB7C6 /* Models */ = {
			isa = PBXGroup;
			children = (
				1FD9F1551DEA481D00F0C162 /* AppDelegate.h */,
				1FD9F1561DEA481D00F0C162 /* AppDelegate.m */,
				147E819C1DED0E74001EB7C6 /* DetourPlace.h */,
				147E819D1DED0E74001EB7C6 /* DetourPlace.m */,
				147E819E1DED0E74001EB7C6 /* DownloadManager.h */,
				147E819F1DED0E74001EB7C6 /* DownloadManager.m */,
				147E81A01DED0E74001EB7C6 /* PlaceSearchManager.h */,
				147E81A11DED0E74001EB7C6 /* PlaceSearchManager.m */,
			);
			name = Models;
			sourceTree = "<group>";
		};
		147E819A1DED0D7E001EB7C6 /* Controllers */ = {
			isa = PBXGroup;
			children = (
				1FD9F1581DEA481D00F0C162 /* MapViewController.h */,
				1FD9F1591DEA481D00F0C162 /* MapViewController.m */,
				1FD9F15B1DEA481D00F0C162 /* PlacesViewController.h */,
				1FD9F15C1DEA481D00F0C162 /* PlacesViewController.m */,
				1FD9F16C1DEA4F0E00F0C162 /* SearchViewController.h */,
				1FD9F16D1DEA4F0E00F0C162 /* SearchViewController.m */,
				1FD9F16F1DEA4F3600F0C162 /* MyTripViewController.h */,
				1FD9F1701DEA4F3600F0C162 /* MyTripViewController.m */,
				1FD9F1721DEA4F7700F0C162 /* DetailViewController.h */,
				1FD9F1731DEA4F7700F0C162 /* DetailViewController.m */,
			);
			name = Controllers;
			sourceTree = "<group>";
		};
		147E819B1DED0D91001EB7C6 /* UI */ = {
			isa = PBXGroup;
			children = (
				1FD9F1631DEA481D00F0C162 /* LaunchScreen.storyboard */,
				1FD9F15E1DEA481D00F0C162 /* Main.storyboard */,
			);
			name = UI;
			sourceTree = "<group>";
		};
		1FD9F1461DEA481D00F0C162 = {
			isa = PBXGroup;
			children = (
				1FD9F1511DEA481D00F0C162 /* Midterm */,
				1FD9F1501DEA481D00F0C162 /* Products */,
				6482E3D08EAB756588683911 /* Pods */,
				3F40E42CB90DE98C6EA3A042 /* Frameworks */,
			);
			sourceTree = "<group>";
		};
		1FD9F1501DEA481D00F0C162 /* Products */ = {
			isa = PBXGroup;
			children = (
				1FD9F14F1DEA481D00F0C162 /* Midterm.app */,
			);
			name = Products;
			sourceTree = "<group>";
		};
		1FD9F1511DEA481D00F0C162 /* Midterm */ = {
			isa = PBXGroup;
			children = (
				147E81991DED0D71001EB7C6 /* Models */,
				147E819B1DED0D91001EB7C6 /* UI */,
				147E819A1DED0D7E001EB7C6 /* Controllers */,
				1FD9F1521DEA481D00F0C162 /* Supporting Files */,
			);
			path = Midterm;
			sourceTree = "<group>";
		};
		1FD9F1521DEA481D00F0C162 /* Supporting Files */ = {
			isa = PBXGroup;
			children = (
				1FD9F1611DEA481D00F0C162 /* Assets.xcassets */,
				1FD9F1661DEA481D00F0C162 /* Info.plist */,
				1FD9F1531DEA481D00F0C162 /* main.m */,
			);
			name = "Supporting Files";
			sourceTree = "<group>";
		};
		3F40E42CB90DE98C6EA3A042 /* Frameworks */ = {
			isa = PBXGroup;
			children = (
				1F8DAC461DEA798400632A0D /* CoreLocation.framework */,
				C41284B9DF295984F181FF43 /* Pods_Midterm.framework */,
			);
			name = Frameworks;
			sourceTree = "<group>";
		};
		6482E3D08EAB756588683911 /* Pods */ = {
			isa = PBXGroup;
			children = (
				C49F5C28E15EAF2547661DFE /* Pods-Midterm.debug.xcconfig */,
				1B4FBB5A9B8F79710ABD2E4E /* Pods-Midterm.release.xcconfig */,
			);
			name = Pods;
			sourceTree = "<group>";
		};
/* End PBXGroup section */

/* Begin PBXNativeTarget section */
		1FD9F14E1DEA481D00F0C162 /* Midterm */ = {
			isa = PBXNativeTarget;
			buildConfigurationList = 1FD9F1691DEA481D00F0C162 /* Build configuration list for PBXNativeTarget "Midterm" */;
			buildPhases = (
				EFD3CC566C2880157064C8B9 /* [CP] Check Pods Manifest.lock */,
				1FD9F14B1DEA481D00F0C162 /* Sources */,
				1FD9F14C1DEA481D00F0C162 /* Frameworks */,
				1FD9F14D1DEA481D00F0C162 /* Resources */,
				2A088436ABDC95335D8E0D6A /* [CP] Embed Pods Frameworks */,
				9042C27A3E2DE46DCAF992F3 /* [CP] Copy Pods Resources */,
			);
			buildRules = (
			);
			dependencies = (
			);
			name = Midterm;
			productName = Midterm;
			productReference = 1FD9F14F1DEA481D00F0C162 /* Midterm.app */;
			productType = "com.apple.product-type.application";
		};
/* End PBXNativeTarget section */

/* Begin PBXProject section */
		1FD9F1471DEA481D00F0C162 /* Project object */ = {
			isa = PBXProject;
			attributes = {
				LastUpgradeCheck = 0810;
				ORGANIZATIONNAME = "carmen cheng";
				TargetAttributes = {
					1FD9F14E1DEA481D00F0C162 = {
						CreatedOnToolsVersion = 8.1;
						ProvisioningStyle = Automatic;
					};
				};
			};
			buildConfigurationList = 1FD9F14A1DEA481D00F0C162 /* Build configuration list for PBXProject "Midterm" */;
			compatibilityVersion = "Xcode 3.2";
			developmentRegion = English;
			hasScannedForEncodings = 0;
			knownRegions = (
				en,
				Base,
			);
			mainGroup = 1FD9F1461DEA481D00F0C162;
			productRefGroup = 1FD9F1501DEA481D00F0C162 /* Products */;
			projectDirPath = "";
			projectRoot = "";
			targets = (
				1FD9F14E1DEA481D00F0C162 /* Midterm */,
			);
		};
/* End PBXProject section */

/* Begin PBXResourcesBuildPhase section */
		1FD9F14D1DEA481D00F0C162 /* Resources */ = {
			isa = PBXResourcesBuildPhase;
			buildActionMask = 2147483647;
			files = (
				1FD9F1651DEA481D00F0C162 /* LaunchScreen.storyboard in Resources */,
				1FD9F1621DEA481D00F0C162 /* Assets.xcassets in Resources */,
				1FD9F1601DEA481D00F0C162 /* Main.storyboard in Resources */,
			);
			runOnlyForDeploymentPostprocessing = 0;
		};
/* End PBXResourcesBuildPhase section */

/* Begin PBXShellScriptBuildPhase section */
		2A088436ABDC95335D8E0D6A /* [CP] Embed Pods Frameworks */ = {
			isa = PBXShellScriptBuildPhase;
			buildActionMask = 2147483647;
			files = (
			);
			inputPaths = (
			);
			name = "[CP] Embed Pods Frameworks";
			outputPaths = (
			);
			runOnlyForDeploymentPostprocessing = 0;
			shellPath = /bin/sh;
			shellScript = "\"${SRCROOT}/Pods/Target Support Files/Pods-Midterm/Pods-Midterm-frameworks.sh\"\n";
			showEnvVarsInLog = 0;
		};
		9042C27A3E2DE46DCAF992F3 /* [CP] Copy Pods Resources */ = {
			isa = PBXShellScriptBuildPhase;
			buildActionMask = 2147483647;
			files = (
			);
			inputPaths = (
			);
			name = "[CP] Copy Pods Resources";
			outputPaths = (
			);
			runOnlyForDeploymentPostprocessing = 0;
			shellPath = /bin/sh;
			shellScript = "\"${SRCROOT}/Pods/Target Support Files/Pods-Midterm/Pods-Midterm-resources.sh\"\n";
			showEnvVarsInLog = 0;
		};
		EFD3CC566C2880157064C8B9 /* [CP] Check Pods Manifest.lock */ = {
			isa = PBXShellScriptBuildPhase;
			buildActionMask = 2147483647;
			files = (
			);
			inputPaths = (
			);
			name = "[CP] Check Pods Manifest.lock";
			outputPaths = (
			);
			runOnlyForDeploymentPostprocessing = 0;
			shellPath = /bin/sh;
			shellScript = "diff \"${PODS_ROOT}/../Podfile.lock\" \"${PODS_ROOT}/Manifest.lock\" > /dev/null\nif [ $? != 0 ] ; then\n    # print error to STDERR\n    echo \"error: The sandbox is not in sync with the Podfile.lock. Run 'pod install' or update your CocoaPods installation.\" >&2\n    exit 1\nfi\n";
			showEnvVarsInLog = 0;
		};
/* End PBXShellScriptBuildPhase section */

/* Begin PBXSourcesBuildPhase section */
		1FD9F14B1DEA481D00F0C162 /* Sources */ = {
			isa = PBXSourcesBuildPhase;
			buildActionMask = 2147483647;
			files = (
				147E81A21DED0E74001EB7C6 /* DetourPlace.m in Sources */,
				147E81A41DED0E74001EB7C6 /* PlaceSearchManager.m in Sources */,
				1FD9F15D1DEA481D00F0C162 /* PlacesViewController.m in Sources */,
				1FD9F1571DEA481D00F0C162 /* AppDelegate.m in Sources */,
				1FD9F16E1DEA4F0E00F0C162 /* SearchViewController.m in Sources */,
				1FD9F1711DEA4F3600F0C162 /* MyTripViewController.m in Sources */,
				1FD9F15A1DEA481D00F0C162 /* MapViewController.m in Sources */,
				1FD9F1541DEA481D00F0C162 /* main.m in Sources */,
				1FD9F1741DEA4F7700F0C162 /* DetailViewController.m in Sources */,
				147E81A31DED0E74001EB7C6 /* DownloadManager.m in Sources */,
			);
			runOnlyForDeploymentPostprocessing = 0;
		};
/* End PBXSourcesBuildPhase section */

/* Begin PBXVariantGroup section */
		1FD9F15E1DEA481D00F0C162 /* Main.storyboard */ = {
			isa = PBXVariantGroup;
			children = (
				1FD9F15F1DEA481D00F0C162 /* Base */,
			);
			name = Main.storyboard;
			sourceTree = "<group>";
		};
		1FD9F1631DEA481D00F0C162 /* LaunchScreen.storyboard */ = {
			isa = PBXVariantGroup;
			children = (
				1FD9F1641DEA481D00F0C162 /* Base */,
			);
			name = LaunchScreen.storyboard;
			sourceTree = "<group>";
		};
/* End PBXVariantGroup section */

/* Begin XCBuildConfiguration section */
		1FD9F1671DEA481D00F0C162 /* Debug */ = {
			isa = XCBuildConfiguration;
			buildSettings = {
				ALWAYS_SEARCH_USER_PATHS = NO;
				CLANG_ANALYZER_NONNULL = YES;
				CLANG_CXX_LANGUAGE_STANDARD = "gnu++0x";
				CLANG_CXX_LIBRARY = "libc++";
				CLANG_ENABLE_MODULES = YES;
				CLANG_ENABLE_OBJC_ARC = YES;
				CLANG_WARN_BOOL_CONVERSION = YES;
				CLANG_WARN_CONSTANT_CONVERSION = YES;
				CLANG_WARN_DIRECT_OBJC_ISA_USAGE = YES_ERROR;
				CLANG_WARN_DOCUMENTATION_COMMENTS = YES;
				CLANG_WARN_EMPTY_BODY = YES;
				CLANG_WARN_ENUM_CONVERSION = YES;
				CLANG_WARN_INFINITE_RECURSION = YES;
				CLANG_WARN_INT_CONVERSION = YES;
				CLANG_WARN_OBJC_ROOT_CLASS = YES_ERROR;
				CLANG_WARN_SUSPICIOUS_MOVES = YES;
				CLANG_WARN_UNREACHABLE_CODE = YES;
				CLANG_WARN__DUPLICATE_METHOD_MATCH = YES;
				"CODE_SIGN_IDENTITY[sdk=iphoneos*]" = "iPhone Developer";
				COPY_PHASE_STRIP = NO;
				DEBUG_INFORMATION_FORMAT = dwarf;
				ENABLE_STRICT_OBJC_MSGSEND = YES;
				ENABLE_TESTABILITY = YES;
				GCC_C_LANGUAGE_STANDARD = gnu99;
				GCC_DYNAMIC_NO_PIC = NO;
				GCC_NO_COMMON_BLOCKS = YES;
				GCC_OPTIMIZATION_LEVEL = 0;
				GCC_PREPROCESSOR_DEFINITIONS = (
					"DEBUG=1",
					"$(inherited)",
				);
				GCC_WARN_64_TO_32_BIT_CONVERSION = YES;
				GCC_WARN_ABOUT_RETURN_TYPE = YES_ERROR;
				GCC_WARN_UNDECLARED_SELECTOR = YES;
				GCC_WARN_UNINITIALIZED_AUTOS = YES_AGGRESSIVE;
				GCC_WARN_UNUSED_FUNCTION = YES;
				GCC_WARN_UNUSED_VARIABLE = YES;
				IPHONEOS_DEPLOYMENT_TARGET = 10.1;
				MTL_ENABLE_DEBUG_INFO = YES;
				ONLY_ACTIVE_ARCH = YES;
				SDKROOT = iphoneos;
			};
			name = Debug;
		};
		1FD9F1681DEA481D00F0C162 /* Release */ = {
			isa = XCBuildConfiguration;
			buildSettings = {
				ALWAYS_SEARCH_USER_PATHS = NO;
				CLANG_ANALYZER_NONNULL = YES;
				CLANG_CXX_LANGUAGE_STANDARD = "gnu++0x";
				CLANG_CXX_LIBRARY = "libc++";
				CLANG_ENABLE_MODULES = YES;
				CLANG_ENABLE_OBJC_ARC = YES;
				CLANG_WARN_BOOL_CONVERSION = YES;
				CLANG_WARN_CONSTANT_CONVERSION = YES;
				CLANG_WARN_DIRECT_OBJC_ISA_USAGE = YES_ERROR;
				CLANG_WARN_DOCUMENTATION_COMMENTS = YES;
				CLANG_WARN_EMPTY_BODY = YES;
				CLANG_WARN_ENUM_CONVERSION = YES;
				CLANG_WARN_INFINITE_RECURSION = YES;
				CLANG_WARN_INT_CONVERSION = YES;
				CLANG_WARN_OBJC_ROOT_CLASS = YES_ERROR;
				CLANG_WARN_SUSPICIOUS_MOVES = YES;
				CLANG_WARN_UNREACHABLE_CODE = YES;
				CLANG_WARN__DUPLICATE_METHOD_MATCH = YES;
				"CODE_SIGN_IDENTITY[sdk=iphoneos*]" = "iPhone Developer";
				COPY_PHASE_STRIP = NO;
				DEBUG_INFORMATION_FORMAT = "dwarf-with-dsym";
				ENABLE_NS_ASSERTIONS = NO;
				ENABLE_STRICT_OBJC_MSGSEND = YES;
				GCC_C_LANGUAGE_STANDARD = gnu99;
				GCC_NO_COMMON_BLOCKS = YES;
				GCC_WARN_64_TO_32_BIT_CONVERSION = YES;
				GCC_WARN_ABOUT_RETURN_TYPE = YES_ERROR;
				GCC_WARN_UNDECLARED_SELECTOR = YES;
				GCC_WARN_UNINITIALIZED_AUTOS = YES_AGGRESSIVE;
				GCC_WARN_UNUSED_FUNCTION = YES;
				GCC_WARN_UNUSED_VARIABLE = YES;
				IPHONEOS_DEPLOYMENT_TARGET = 10.1;
				MTL_ENABLE_DEBUG_INFO = NO;
				SDKROOT = iphoneos;
				VALIDATE_PRODUCT = YES;
			};
			name = Release;
		};
		1FD9F16A1DEA481D00F0C162 /* Debug */ = {
			isa = XCBuildConfiguration;
			baseConfigurationReference = C49F5C28E15EAF2547661DFE /* Pods-Midterm.debug.xcconfig */;
			buildSettings = {
				ASSETCATALOG_COMPILER_APPICON_NAME = AppIcon;
				INFOPLIST_FILE = Midterm/Info.plist;
				LD_RUNPATH_SEARCH_PATHS = "$(inherited) @executable_path/Frameworks";
				PRODUCT_BUNDLE_IDENTIFIER = "carmen-cheng.Midterm";
				PRODUCT_NAME = "$(TARGET_NAME)";
			};
			name = Debug;
		};
		1FD9F16B1DEA481D00F0C162 /* Release */ = {
			isa = XCBuildConfiguration;
			baseConfigurationReference = 1B4FBB5A9B8F79710ABD2E4E /* Pods-Midterm.release.xcconfig */;
			buildSettings = {
				ASSETCATALOG_COMPILER_APPICON_NAME = AppIcon;
				INFOPLIST_FILE = Midterm/Info.plist;
				LD_RUNPATH_SEARCH_PATHS = "$(inherited) @executable_path/Frameworks";
				PRODUCT_BUNDLE_IDENTIFIER = "carmen-cheng.Midterm";
				PRODUCT_NAME = "$(TARGET_NAME)";
			};
			name = Release;
		};
/* End XCBuildConfiguration section */

/* Begin XCConfigurationList section */
		1FD9F14A1DEA481D00F0C162 /* Build configuration list for PBXProject "Midterm" */ = {
			isa = XCConfigurationList;
			buildConfigurations = (
				1FD9F1671DEA481D00F0C162 /* Debug */,
				1FD9F1681DEA481D00F0C162 /* Release */,
			);
			defaultConfigurationIsVisible = 0;
			defaultConfigurationName = Release;
		};
		1FD9F1691DEA481D00F0C162 /* Build configuration list for PBXNativeTarget "Midterm" */ = {
			isa = XCConfigurationList;
			buildConfigurations = (
				1FD9F16A1DEA481D00F0C162 /* Debug */,
				1FD9F16B1DEA481D00F0C162 /* Release */,
			);
			defaultConfigurationIsVisible = 0;
			defaultConfigurationName = Release;
		};
/* End XCConfigurationList section */
	};
	rootObject = 1FD9F1471DEA481D00F0C162 /* Project object */;
}
