// !$*UTF8*$!
{
	archiveVersion = 1;
	classes = {
	};
	objectVersion = 46;
	objects = {

/* Begin PBXBuildFile section */
		1FD9F1541DEA481D00F0C162 /* main.m in Sources */ = {isa = PBXBuildFile; fileRef = 1FD9F1531DEA481D00F0C162 /* main.m */; };
		1FD9F1571DEA481D00F0C162 /* AppDelegate.m in Sources */ = {isa = PBXBuildFile; fileRef = 1FD9F1561DEA481D00F0C162 /* AppDelegate.m */; };
		1FD9F15A1DEA481D00F0C162 /* FirstViewController.m in Sources */ = {isa = PBXBuildFile; fileRef = 1FD9F1591DEA481D00F0C162 /* FirstViewController.m */; };
		1FD9F15D1DEA481D00F0C162 /* SecondViewController.m in Sources */ = {isa = PBXBuildFile; fileRef = 1FD9F15C1DEA481D00F0C162 /* SecondViewController.m */; };
		1FD9F1601DEA481D00F0C162 /* Main.storyboard in Resources */ = {isa = PBXBuildFile; fileRef = 1FD9F15E1DEA481D00F0C162 /* Main.storyboard */; };
		1FD9F1621DEA481D00F0C162 /* Assets.xcassets in Resources */ = {isa = PBXBuildFile; fileRef = 1FD9F1611DEA481D00F0C162 /* Assets.xcassets */; };
		1FD9F1651DEA481D00F0C162 /* LaunchScreen.storyboard in Resources */ = {isa = PBXBuildFile; fileRef = 1FD9F1631DEA481D00F0C162 /* LaunchScreen.storyboard */; };
/* End PBXBuildFile section */

/* Begin PBXFileReference section */
		1FD9F14F1DEA481D00F0C162 /* Midterm.app */ = {isa = PBXFileReference; explicitFileType = wrapper.application; includeInIndex = 0; path = Midterm.app; sourceTree = BUILT_PRODUCTS_DIR; };
		1FD9F1531DEA481D00F0C162 /* main.m */ = {isa = PBXFileReference; lastKnownFileType = sourcecode.c.objc; path = main.m; sourceTree = "<group>"; };
		1FD9F1551DEA481D00F0C162 /* AppDelegate.h */ = {isa = PBXFileReference; lastKnownFileType = sourcecode.c.h; path = AppDelegate.h; sourceTree = "<group>"; };
		1FD9F1561DEA481D00F0C162 /* AppDelegate.m */ = {isa = PBXFileReference; lastKnownFileType = sourcecode.c.objc; path = AppDelegate.m; sourceTree = "<group>"; };
		1FD9F1581DEA481D00F0C162 /* FirstViewController.h */ = {isa = PBXFileReference; lastKnownFileType = sourcecode.c.h; path = FirstViewController.h; sourceTree = "<group>"; };
		1FD9F1591DEA481D00F0C162 /* FirstViewController.m */ = {isa = PBXFileReference; lastKnownFileType = sourcecode.c.objc; path = FirstViewController.m; sourceTree = "<group>"; };
		1FD9F15B1DEA481D00F0C162 /* SecondViewController.h */ = {isa = PBXFileReference; lastKnownFileType = sourcecode.c.h; path = SecondViewController.h; sourceTree = "<group>"; };
		1FD9F15C1DEA481D00F0C162 /* SecondViewController.m */ = {isa = PBXFileReference; lastKnownFileType = sourcecode.c.objc; path = SecondViewController.m; sourceTree = "<group>"; };
		1FD9F15F1DEA481D00F0C162 /* Base */ = {isa = PBXFileReference; lastKnownFileType = file.storyboard; name = Base; path = Base.lproj/Main.storyboard; sourceTree = "<group>"; };
		1FD9F1611DEA481D00F0C162 /* Assets.xcassets */ = {isa = PBXFileReference; lastKnownFileType = folder.assetcatalog; path = Assets.xcassets; sourceTree = "<group>"; };
		1FD9F1641DEA481D00F0C162 /* Base */ = {isa = PBXFileReference; lastKnownFileType = file.storyboard; name = Base; path = Base.lproj/LaunchScreen.storyboard; sourceTree = "<group>"; };
		1FD9F1661DEA481D00F0C162 /* Info.plist */ = {isa = PBXFileReference; lastKnownFileType = text.plist.xml; path = Info.plist; sourceTree = "<group>"; };
/* End PBXFileReference section */

/* Begin PBXFrameworksBuildPhase section */
		1FD9F14C1DEA481D00F0C162 /* Frameworks */ = {
			isa = PBXFrameworksBuildPhase;
			buildActionMask = 2147483647;
			files = (
			);
			runOnlyForDeploymentPostprocessing = 0;
		};
/* End PBXFrameworksBuildPhase section */

/* Begin PBXGroup section */
		1FD9F1461DEA481D00F0C162 = {
			isa = PBXGroup;
			children = (
				1FD9F1511DEA481D00F0C162 /* Midterm */,
				1FD9F1501DEA481D00F0C162 /* Products */,
			);
			sourceTree = "<group>";
		};
		1FD9F1501DEA481D00F0C162 /* Products */ = {
			isa = PBXGroup;
			children = (
				1FD9F14F1DEA481D00F0C162 /* Midterm.app */,
			);
			name = Products;
			sourceTree = "<group>";
		};
		1FD9F1511DEA481D00F0C162 /* Midterm */ = {
			isa = PBXGroup;
			children = (
				1FD9F1551DEA481D00F0C162 /* AppDelegate.h */,
				1FD9F1561DEA481D00F0C162 /* AppDelegate.m */,
				1FD9F1581DEA481D00F0C162 /* FirstViewController.h */,
				1FD9F1591DEA481D00F0C162 /* FirstViewController.m */,
				1FD9F15B1DEA481D00F0C162 /* SecondViewController.h */,
				1FD9F15C1DEA481D00F0C162 /* SecondViewController.m */,
				1FD9F15E1DEA481D00F0C162 /* Main.storyboard */,
				1FD9F1611DEA481D00F0C162 /* Assets.xcassets */,
				1FD9F1631DEA481D00F0C162 /* LaunchScreen.storyboard */,
				1FD9F1661DEA481D00F0C162 /* Info.plist */,
				1FD9F1521DEA481D00F0C162 /* Supporting Files */,
			);
			path = Midterm;
			sourceTree = "<group>";
		};
		1FD9F1521DEA481D00F0C162 /* Supporting Files */ = {
			isa = PBXGroup;
			children = (
				1FD9F1531DEA481D00F0C162 /* main.m */,
			);
			name = "Supporting Files";
			sourceTree = "<group>";
		};
/* End PBXGroup section */

/* Begin PBXNativeTarget section */
		1FD9F14E1DEA481D00F0C162 /* Midterm */ = {
			isa = PBXNativeTarget;
			buildConfigurationList = 1FD9F1691DEA481D00F0C162 /* Build configuration list for PBXNativeTarget "Midterm" */;
			buildPhases = (
				1FD9F14B1DEA481D00F0C162 /* Sources */,
				1FD9F14C1DEA481D00F0C162 /* Frameworks */,
				1FD9F14D1DEA481D00F0C162 /* Resources */,
			);
			buildRules = (
			);
			dependencies = (
			);
			name = Midterm;
			productName = Midterm;
			productReference = 1FD9F14F1DEA481D00F0C162 /* Midterm.app */;
			productType = "com.apple.product-type.application";
		};
/* End PBXNativeTarget section */

/* Begin PBXProject section */
		1FD9F1471DEA481D00F0C162 /* Project object */ = {
			isa = PBXProject;
			attributes = {
				LastUpgradeCheck = 0810;
				ORGANIZATIONNAME = "carmen cheng";
				TargetAttributes = {
					1FD9F14E1DEA481D00F0C162 = {
						CreatedOnToolsVersion = 8.1;
						ProvisioningStyle = Automatic;
					};
				};
			};
			buildConfigurationList = 1FD9F14A1DEA481D00F0C162 /* Build configuration list for PBXProject "Midterm" */;
			compatibilityVersion = "Xcode 3.2";
			developmentRegion = English;
			hasScannedForEncodings = 0;
			knownRegions = (
				en,
				Base,
			);
			mainGroup = 1FD9F1461DEA481D00F0C162;
			productRefGroup = 1FD9F1501DEA481D00F0C162 /* Products */;
			projectDirPath = "";
			projectRoot = "";
			targets = (
				1FD9F14E1DEA481D00F0C162 /* Midterm */,
			);
		};
/* End PBXProject section */

/* Begin PBXResourcesBuildPhase section */
		1FD9F14D1DEA481D00F0C162 /* Resources */ = {
			isa = PBXResourcesBuildPhase;
			buildActionMask = 2147483647;
			files = (
				1FD9F1651DEA481D00F0C162 /* LaunchScreen.storyboard in Resources */,
				1FD9F1621DEA481D00F0C162 /* Assets.xcassets in Resources */,
				1FD9F1601DEA481D00F0C162 /* Main.storyboard in Resources */,
			);
			runOnlyForDeploymentPostprocessing = 0;
		};
/* End PBXResourcesBuildPhase section */

/* Begin PBXSourcesBuildPhase section */
		1FD9F14B1DEA481D00F0C162 /* Sources */ = {
			isa = PBXSourcesBuildPhase;
			buildActionMask = 2147483647;
			files = (
				1FD9F15D1DEA481D00F0C162 /* SecondViewController.m in Sources */,
				1FD9F1571DEA481D00F0C162 /* AppDelegate.m in Sources */,
				1FD9F15A1DEA481D00F0C162 /* FirstViewController.m in Sources */,
				1FD9F1541DEA481D00F0C162 /* main.m in Sources */,
			);
			runOnlyForDeploymentPostprocessing = 0;
		};
/* End PBXSourcesBuildPhase section */

/* Begin PBXVariantGroup section */
		1FD9F15E1DEA481D00F0C162 /* Main.storyboard */ = {
			isa = PBXVariantGroup;
			children = (
				1FD9F15F1DEA481D00F0C162 /* Base */,
			);
			name = Main.storyboard;
			sourceTree = "<group>";
		};
		1FD9F1631DEA481D00F0C162 /* LaunchScreen.storyboard */ = {
			isa = PBXVariantGroup;
			children = (
				1FD9F1641DEA481D00F0C162 /* Base */,
			);
			name = LaunchScreen.storyboard;
			sourceTree = "<group>";
		};
/* End PBXVariantGroup section */

/* Begin XCBuildConfiguration section */
		1FD9F1671DEA481D00F0C162 /* Debug */ = {
			isa = XCBuildConfiguration;
			buildSettings = {
				ALWAYS_SEARCH_USER_PATHS = NO;
				CLANG_ANALYZER_NONNULL = YES;
				CLANG_CXX_LANGUAGE_STANDARD = "gnu++0x";
				CLANG_CXX_LIBRARY = "libc++";
				CLANG_ENABLE_MODULES = YES;
				CLANG_ENABLE_OBJC_ARC = YES;
				CLANG_WARN_BOOL_CONVERSION = YES;
				CLANG_WARN_CONSTANT_CONVERSION = YES;
				CLANG_WARN_DIRECT_OBJC_ISA_USAGE = YES_ERROR;
				CLANG_WARN_DOCUMENTATION_COMMENTS = YES;
				CLANG_WARN_EMPTY_BODY = YES;
				CLANG_WARN_ENUM_CONVERSION = YES;
				CLANG_WARN_INFINITE_RECURSION = YES;
				CLANG_WARN_INT_CONVERSION = YES;
				CLANG_WARN_OBJC_ROOT_CLASS = YES_ERROR;
				CLANG_WARN_SUSPICIOUS_MOVES = YES;
				CLANG_WARN_UNREACHABLE_CODE = YES;
				CLANG_WARN__DUPLICATE_METHOD_MATCH = YES;
				"CODE_SIGN_IDENTITY[sdk=iphoneos*]" = "iPhone Developer";
				COPY_PHASE_STRIP = NO;
				DEBUG_INFORMATION_FORMAT = dwarf;
				ENABLE_STRICT_OBJC_MSGSEND = YES;
				ENABLE_TESTABILITY = YES;
				GCC_C_LANGUAGE_STANDARD = gnu99;
				GCC_DYNAMIC_NO_PIC = NO;
				GCC_NO_COMMON_BLOCKS = YES;
				GCC_OPTIMIZATION_LEVEL = 0;
				GCC_PREPROCESSOR_DEFINITIONS = (
					"DEBUG=1",
					"$(inherited)",
				);
				GCC_WARN_64_TO_32_BIT_CONVERSION = YES;
				GCC_WARN_ABOUT_RETURN_TYPE = YES_ERROR;
				GCC_WARN_UNDECLARED_SELECTOR = YES;
				GCC_WARN_UNINITIALIZED_AUTOS = YES_AGGRESSIVE;
				GCC_WARN_UNUSED_FUNCTION = YES;
				GCC_WARN_UNUSED_VARIABLE = YES;
				IPHONEOS_DEPLOYMENT_TARGET = 10.1;
				MTL_ENABLE_DEBUG_INFO = YES;
				ONLY_ACTIVE_ARCH = YES;
				SDKROOT = iphoneos;
			};
			name = Debug;
		};
		1FD9F1681DEA481D00F0C162 /* Release */ = {
			isa = XCBuildConfiguration;
			buildSettings = {
				ALWAYS_SEARCH_USER_PATHS = NO;
				CLANG_ANALYZER_NONNULL = YES;
				CLANG_CXX_LANGUAGE_STANDARD = "gnu++0x";
				CLANG_CXX_LIBRARY = "libc++";
				CLANG_ENABLE_MODULES = YES;
				CLANG_ENABLE_OBJC_ARC = YES;
				CLANG_WARN_BOOL_CONVERSION = YES;
				CLANG_WARN_CONSTANT_CONVERSION = YES;
				CLANG_WARN_DIRECT_OBJC_ISA_USAGE = YES_ERROR;
				CLANG_WARN_DOCUMENTATION_COMMENTS = YES;
				CLANG_WARN_EMPTY_BODY = YES;
				CLANG_WARN_ENUM_CONVERSION = YES;
				CLANG_WARN_INFINITE_RECURSION = YES;
				CLANG_WARN_INT_CONVERSION = YES;
				CLANG_WARN_OBJC_ROOT_CLASS = YES_ERROR;
				CLANG_WARN_SUSPICIOUS_MOVES = YES;
				CLANG_WARN_UNREACHABLE_CODE = YES;
				CLANG_WARN__DUPLICATE_METHOD_MATCH = YES;
				"CODE_SIGN_IDENTITY[sdk=iphoneos*]" = "iPhone Developer";
				COPY_PHASE_STRIP = NO;
				DEBUG_INFORMATION_FORMAT = "dwarf-with-dsym";
				ENABLE_NS_ASSERTIONS = NO;
				ENABLE_STRICT_OBJC_MSGSEND = YES;
				GCC_C_LANGUAGE_STANDARD = gnu99;
				GCC_NO_COMMON_BLOCKS = YES;
				GCC_WARN_64_TO_32_BIT_CONVERSION = YES;
				GCC_WARN_ABOUT_RETURN_TYPE = YES_ERROR;
				GCC_WARN_UNDECLARED_SELECTOR = YES;
				GCC_WARN_UNINITIALIZED_AUTOS = YES_AGGRESSIVE;
				GCC_WARN_UNUSED_FUNCTION = YES;
				GCC_WARN_UNUSED_VARIABLE = YES;
				IPHONEOS_DEPLOYMENT_TARGET = 10.1;
				MTL_ENABLE_DEBUG_INFO = NO;
				SDKROOT = iphoneos;
				VALIDATE_PRODUCT = YES;
			};
			name = Release;
		};
		1FD9F16A1DEA481D00F0C162 /* Debug */ = {
			isa = XCBuildConfiguration;
			buildSettings = {
				ASSETCATALOG_COMPILER_APPICON_NAME = AppIcon;
				INFOPLIST_FILE = Midterm/Info.plist;
				LD_RUNPATH_SEARCH_PATHS = "$(inherited) @executable_path/Frameworks";
				PRODUCT_BUNDLE_IDENTIFIER = "carmen-cheng.Midterm";
				PRODUCT_NAME = "$(TARGET_NAME)";
			};
			name = Debug;
		};
		1FD9F16B1DEA481D00F0C162 /* Release */ = {
			isa = XCBuildConfiguration;
			buildSettings = {
				ASSETCATALOG_COMPILER_APPICON_NAME = AppIcon;
				INFOPLIST_FILE = Midterm/Info.plist;
				LD_RUNPATH_SEARCH_PATHS = "$(inherited) @executable_path/Frameworks";
				PRODUCT_BUNDLE_IDENTIFIER = "carmen-cheng.Midterm";
				PRODUCT_NAME = "$(TARGET_NAME)";
			};
			name = Release;
		};
/* End XCBuildConfiguration section */

/* Begin XCConfigurationList section */
		1FD9F14A1DEA481D00F0C162 /* Build configuration list for PBXProject "Midterm" */ = {
			isa = XCConfigurationList;
			buildConfigurations = (
				1FD9F1671DEA481D00F0C162 /* Debug */,
				1FD9F1681DEA481D00F0C162 /* Release */,
			);
			defaultConfigurationIsVisible = 0;
			defaultConfigurationName = Release;
		};
		1FD9F1691DEA481D00F0C162 /* Build configuration list for PBXNativeTarget "Midterm" */ = {
			isa = XCConfigurationList;
			buildConfigurations = (
				1FD9F16A1DEA481D00F0C162 /* Debug */,
				1FD9F16B1DEA481D00F0C162 /* Release */,
			);
			defaultConfigurationIsVisible = 0;
		};
/* End XCConfigurationList section */
	};
	rootObject = 1FD9F1471DEA481D00F0C162 /* Project object */;
}
